
Microsoft Visual Studio Solution File, Format Version 12.00
# Visual Studio 14
VisualStudioVersion = 14.0.25420.1
MinimumVisualStudioVersion = 10.0.40219.1
Project("{FAE04EC0-301F-11D3-BF4B-00C04F79EFBC}") = "cliente", "cliente\cliente.csproj", "{C7420E05-3F85-4B3F-AF7A-0962254A749B}"
EndProject
Global
	GlobalSection(SolutionConfigurationPlatforms) = preSolution
		Debug|Any CPU = Debug|Any CPU
		Release|Any CPU = Release|Any CPU
	EndGlobalSection
	GlobalSection(ProjectConfigurationPlatforms) = postSolution
		{C7420E05-3F85-4B3F-AF7A-0962254A749B}.Debug|Any CPU.ActiveCfg = Debug|Any CPU
		{C7420E05-3F85-4B3F-AF7A-0962254A749B}.Debug|Any CPU.Build.0 = Debug|Any CPU
		{C7420E05-3F85-4B3F-AF7A-0962254A749B}.Release|Any CPU.ActiveCfg = Release|Any CPU
		{C7420E05-3F85-4B3F-AF7A-0962254A749B}.Release|Any CPU.Build.0 = Release|Any CPU
	EndGlobalSection
	GlobalSection(SolutionProperties) = preSolution
		HideSolutionNode = FALSE
	EndGlobalSection
EndGlobal
